
Microsoft Visual Studio Solution File, Format Version 12.00
# Visual Studio Version 16
VisualStudioVersion = 16.0.30517.126
MinimumVisualStudioVersion = 10.0.40219.1
Project("{FAE04EC0-301F-11D3-BF4B-00C04F79EFBC}") = "IronOCR", "IronOCR\IronOCR.csproj", "{0B065E0C-29EC-40F0-B743-1ABE27A5DFBE}"
EndProject
Global
	GlobalSection(SolutionConfigurationPlatforms) = preSolution
		Debug|Any CPU = Debug|Any CPU
		Release|Any CPU = Release|Any CPU
	EndGlobalSection
	GlobalSection(ProjectConfigurationPlatforms) = postSolution
		{0B065E0C-29EC-40F0-B743-1ABE27A5DFBE}.Debug|Any CPU.ActiveCfg = Debug|Any CPU
		{0B065E0C-29EC-40F0-B743-1ABE27A5DFBE}.Debug|Any CPU.Build.0 = Debug|Any CPU
		{0B065E0C-29EC-40F0-B743-1ABE27A5DFBE}.Release|Any CPU.ActiveCfg = Release|Any CPU
		{0B065E0C-29EC-40F0-B743-1ABE27A5DFBE}.Release|Any CPU.Build.0 = Release|Any CPU
	EndGlobalSection
	GlobalSection(SolutionProperties) = preSolution
		HideSolutionNode = FALSE
	EndGlobalSection
	GlobalSection(ExtensibilityGlobals) = postSolution
		SolutionGuid = {5A3CD940-B5A7-4AC6-ABF1-C184A494A431}
	EndGlobalSection
EndGlobal
